
Microsoft Visual Studio Solution File, Format Version 12.00
# Visual Studio 15
VisualStudioVersion = 15.0.28307.902
MinimumVisualStudioVersion = 10.0.40219.1
Project("{9A19103F-16F7-4668-BE54-9A1E7A4F7556}") = "BookYourMealAPI", "BookYourMealAPI\BookYourMealAPI.csproj", "{98C656A0-207D-472A-B0C8-0E1085744EF0}"
EndProject
Project("{FAE04EC0-301F-11D3-BF4B-00C04F79EFBC}") = "BookYourMeal.Test", "BookYourMeal.Test\BookYourMeal.Test.csproj", "{B577DE05-FDA0-4E4C-8034-2D266ECCB55E}"
EndProject
Global
	GlobalSection(SolutionConfigurationPlatforms) = preSolution
		Debug|Any CPU = Debug|Any CPU
		Release|Any CPU = Release|Any CPU
	EndGlobalSection
	GlobalSection(ProjectConfigurationPlatforms) = postSolution
		{98C656A0-207D-472A-B0C8-0E1085744EF0}.Debug|Any CPU.ActiveCfg = Debug|Any CPU
		{98C656A0-207D-472A-B0C8-0E1085744EF0}.Debug|Any CPU.Build.0 = Debug|Any CPU
		{98C656A0-207D-472A-B0C8-0E1085744EF0}.Release|Any CPU.ActiveCfg = Release|Any CPU
		{98C656A0-207D-472A-B0C8-0E1085744EF0}.Release|Any CPU.Build.0 = Release|Any CPU
		{B577DE05-FDA0-4E4C-8034-2D266ECCB55E}.Debug|Any CPU.ActiveCfg = Debug|Any CPU
		{B577DE05-FDA0-4E4C-8034-2D266ECCB55E}.Debug|Any CPU.Build.0 = Debug|Any CPU
		{B577DE05-FDA0-4E4C-8034-2D266ECCB55E}.Release|Any CPU.ActiveCfg = Release|Any CPU
		{B577DE05-FDA0-4E4C-8034-2D266ECCB55E}.Release|Any CPU.Build.0 = Release|Any CPU
	EndGlobalSection
	GlobalSection(SolutionProperties) = preSolution
		HideSolutionNode = FALSE
	EndGlobalSection
	GlobalSection(ExtensibilityGlobals) = postSolution
		SolutionGuid = {9FBF2332-59F2-4353-AA9F-BDFBBB27F46A}
	EndGlobalSection
EndGlobal
